
Microsoft Visual Studio Solution File, Format Version 12.00
# Visual Studio Version 16
VisualStudioVersion = 16.0.30104.148
MinimumVisualStudioVersion = 10.0.40219.1
Project("{9A19103F-16F7-4668-BE54-9A1E7A4F7556}") = "Examine.Facets", "Examine.Facets\Examine.Facets.csproj", "{16D57690-4007-4BC4-ADDD-94F0E778F358}"
EndProject
Project("{9A19103F-16F7-4668-BE54-9A1E7A4F7556}") = "Examine.Facets.BoboBrowse", "Examine.Facets.BoboBrowse\Examine.Facets.BoboBrowse.csproj", "{54215915-F48A-4B8E-8454-75DF4AB09A6F}"
EndProject
Project("{9A19103F-16F7-4668-BE54-9A1E7A4F7556}") = "Examine.Facets.MultiFacets", "Examine.Facets.MultiFacets\Examine.Facets.MultiFacets.csproj", "{0BAC003F-B9AE-4DD6-870B-107F7ACB7366}"
EndProject
Global
	GlobalSection(SolutionConfigurationPlatforms) = preSolution
		Debug|Any CPU = Debug|Any CPU
		Release|Any CPU = Release|Any CPU
	EndGlobalSection
	GlobalSection(ProjectConfigurationPlatforms) = postSolution
		{16D57690-4007-4BC4-ADDD-94F0E778F358}.Debug|Any CPU.ActiveCfg = Debug|Any CPU
		{16D57690-4007-4BC4-ADDD-94F0E778F358}.Debug|Any CPU.Build.0 = Debug|Any CPU
		{16D57690-4007-4BC4-ADDD-94F0E778F358}.Release|Any CPU.ActiveCfg = Release|Any CPU
		{16D57690-4007-4BC4-ADDD-94F0E778F358}.Release|Any CPU.Build.0 = Release|Any CPU
		{54215915-F48A-4B8E-8454-75DF4AB09A6F}.Debug|Any CPU.ActiveCfg = Debug|Any CPU
		{54215915-F48A-4B8E-8454-75DF4AB09A6F}.Debug|Any CPU.Build.0 = Debug|Any CPU
		{54215915-F48A-4B8E-8454-75DF4AB09A6F}.Release|Any CPU.ActiveCfg = Release|Any CPU
		{54215915-F48A-4B8E-8454-75DF4AB09A6F}.Release|Any CPU.Build.0 = Release|Any CPU
		{0BAC003F-B9AE-4DD6-870B-107F7ACB7366}.Debug|Any CPU.ActiveCfg = Debug|Any CPU
		{0BAC003F-B9AE-4DD6-870B-107F7ACB7366}.Debug|Any CPU.Build.0 = Debug|Any CPU
		{0BAC003F-B9AE-4DD6-870B-107F7ACB7366}.Release|Any CPU.ActiveCfg = Release|Any CPU
		{0BAC003F-B9AE-4DD6-870B-107F7ACB7366}.Release|Any CPU.Build.0 = Release|Any CPU
	EndGlobalSection
	GlobalSection(SolutionProperties) = preSolution
		HideSolutionNode = FALSE
	EndGlobalSection
	GlobalSection(ExtensibilityGlobals) = postSolution
		SolutionGuid = {92906D89-39EF-419D-9823-6C1D88703CEF}
	EndGlobalSection
EndGlobal
