
Microsoft Visual Studio Solution File, Format Version 12.00
# Visual Studio Version 16
VisualStudioVersion = 16.0.30104.148
MinimumVisualStudioVersion = 10.0.40219.1
Project("{9A19103F-16F7-4668-BE54-9A1E7A4F7556}") = "Examine.Facets", "Examine.Facets\Examine.Facets.csproj", "{16D57690-4007-4BC4-ADDD-94F0E778F358}"
EndProject
Global
	GlobalSection(SolutionConfigurationPlatforms) = preSolution
		Debug|Any CPU = Debug|Any CPU
		Release|Any CPU = Release|Any CPU
	EndGlobalSection
	GlobalSection(ProjectConfigurationPlatforms) = postSolution
		{16D57690-4007-4BC4-ADDD-94F0E778F358}.Debug|Any CPU.ActiveCfg = Debug|Any CPU
		{16D57690-4007-4BC4-ADDD-94F0E778F358}.Debug|Any CPU.Build.0 = Debug|Any CPU
		{16D57690-4007-4BC4-ADDD-94F0E778F358}.Release|Any CPU.ActiveCfg = Release|Any CPU
		{16D57690-4007-4BC4-ADDD-94F0E778F358}.Release|Any CPU.Build.0 = Release|Any CPU
	EndGlobalSection
	GlobalSection(SolutionProperties) = preSolution
		HideSolutionNode = FALSE
	EndGlobalSection
	GlobalSection(ExtensibilityGlobals) = postSolution
		SolutionGuid = {92906D89-39EF-419D-9823-6C1D88703CEF}
	EndGlobalSection
EndGlobal
